
Microsoft Visual Studio Solution File, Format Version 11.00
# Visual C++ Express 2010
Project("{8BC9CEB8-8B4A-11D0-8D11-00A0C91BC942}") = "txt2scene", "txt2scene.vcxproj", "{0029EBD6-C188-4912-AD36-A9AAE2E045E9}"
EndProject
Global
	GlobalSection(SolutionConfigurationPlatforms) = preSolution
		Debug|Win32 = Debug|Win32
		Release|Win32 = Release|Win32
	EndGlobalSection
	GlobalSection(ProjectConfigurationPlatforms) = postSolution
		{0029EBD6-C188-4912-AD36-A9AAE2E045E9}.Debug|Win32.ActiveCfg = Debug|Win32
		{0029EBD6-C188-4912-AD36-A9AAE2E045E9}.Debug|Win32.Build.0 = Debug|Win32
		{0029EBD6-C188-4912-AD36-A9AAE2E045E9}.Release|Win32.ActiveCfg = Release|Win32
		{0029EBD6-C188-4912-AD36-A9AAE2E045E9}.Release|Win32.Build.0 = Release|Win32
	EndGlobalSection
	GlobalSection(SolutionProperties) = preSolution
		HideSolutionNode = FALSE
	EndGlobalSection
EndGlobal
